
Microsoft Visual Studio Solution File, Format Version 12.00
# Visual Studio 14
VisualStudioVersion = 14.0.23107.0
MinimumVisualStudioVersion = 10.0.40219.1
Project("{FAE04EC0-301F-11D3-BF4B-00C04F79EFBC}") = "Achi.Web", "Achi\Achi.Web.csproj", "{991F2746-807D-4986-93BE-DCB8735DA5F8}"
EndProject
Project("{FAE04EC0-301F-11D3-BF4B-00C04F79EFBC}") = "Achi.UnitTests", "Achi.UnitTests\Achi.UnitTests.csproj", "{FB8974D5-AEE9-4DC2-9690-A61401BF02B3}"
EndProject
Global
	GlobalSection(SolutionConfigurationPlatforms) = preSolution
		Debug|Any CPU = Debug|Any CPU
		Release|Any CPU = Release|Any CPU
	EndGlobalSection
	GlobalSection(ProjectConfigurationPlatforms) = postSolution
		{991F2746-807D-4986-93BE-DCB8735DA5F8}.Debug|Any CPU.ActiveCfg = Debug|Any CPU
		{991F2746-807D-4986-93BE-DCB8735DA5F8}.Debug|Any CPU.Build.0 = Debug|Any CPU
		{991F2746-807D-4986-93BE-DCB8735DA5F8}.Release|Any CPU.ActiveCfg = Release|Any CPU
		{991F2746-807D-4986-93BE-DCB8735DA5F8}.Release|Any CPU.Build.0 = Release|Any CPU
		{FB8974D5-AEE9-4DC2-9690-A61401BF02B3}.Debug|Any CPU.ActiveCfg = Debug|Any CPU
		{FB8974D5-AEE9-4DC2-9690-A61401BF02B3}.Debug|Any CPU.Build.0 = Debug|Any CPU
		{FB8974D5-AEE9-4DC2-9690-A61401BF02B3}.Release|Any CPU.ActiveCfg = Release|Any CPU
		{FB8974D5-AEE9-4DC2-9690-A61401BF02B3}.Release|Any CPU.Build.0 = Release|Any CPU
	EndGlobalSection
	GlobalSection(SolutionProperties) = preSolution
		HideSolutionNode = FALSE
	EndGlobalSection
EndGlobal
